
Microsoft Visual Studio Solution File, Format Version 12.00
Project("{2150E333-8FDC-42A3-9474-1A3956D46DE8}") = "src", "src", "{2EF13EA6-1CE3-43AA-A1D1-33BC3A4836B0}"
EndProject
Project("{2150E333-8FDC-42A3-9474-1A3956D46DE8}") = "tests", "tests", "{43EBC69F-DAD1-455C-B636-CD7C837F5F66}"
EndProject
Project("{FAE04EC0-301F-11D3-BF4B-00C04F79EFBC}") = "DannyGoodacre.Core", "src\DannyGoodacre.Core\DannyGoodacre.Core.csproj", "{F59872B5-4009-489C-AC5D-68CA5740851C}"
EndProject
Project("{FAE04EC0-301F-11D3-BF4B-00C04F79EFBC}") = "DannyGoodacre.Core.Tests", "tests\DannyGoodacre.Core.Tests\DannyGoodacre.Core.Tests.csproj", "{1DA2DDCD-3239-4FCE-B590-89D2F068E3B4}"
EndProject
Project("{FAE04EC0-301F-11D3-BF4B-00C04F79EFBC}") = "DannyGoodacre.Testing.Core", "src\DannyGoodacre.Testing.Core\DannyGoodacre.Testing.Core.csproj", "{798665CA-C5A6-48DD-9A2D-6A28918993B6}"
EndProject
Project("{FAE04EC0-301F-11D3-BF4B-00C04F79EFBC}") = "Temp", "Temp\Temp.csproj", "{A8FAE3EB-41EB-4067-A64B-66F12AC0E311}"
EndProject
Global
	GlobalSection(SolutionConfigurationPlatforms) = preSolution
		Debug|Any CPU = Debug|Any CPU
		Release|Any CPU = Release|Any CPU
	EndGlobalSection
	GlobalSection(ProjectConfigurationPlatforms) = postSolution
		{F59872B5-4009-489C-AC5D-68CA5740851C}.Debug|Any CPU.ActiveCfg = Debug|Any CPU
		{F59872B5-4009-489C-AC5D-68CA5740851C}.Debug|Any CPU.Build.0 = Debug|Any CPU
		{F59872B5-4009-489C-AC5D-68CA5740851C}.Release|Any CPU.ActiveCfg = Release|Any CPU
		{F59872B5-4009-489C-AC5D-68CA5740851C}.Release|Any CPU.Build.0 = Release|Any CPU
		{1DA2DDCD-3239-4FCE-B590-89D2F068E3B4}.Debug|Any CPU.ActiveCfg = Debug|Any CPU
		{1DA2DDCD-3239-4FCE-B590-89D2F068E3B4}.Debug|Any CPU.Build.0 = Debug|Any CPU
		{1DA2DDCD-3239-4FCE-B590-89D2F068E3B4}.Release|Any CPU.ActiveCfg = Release|Any CPU
		{1DA2DDCD-3239-4FCE-B590-89D2F068E3B4}.Release|Any CPU.Build.0 = Release|Any CPU
		{798665CA-C5A6-48DD-9A2D-6A28918993B6}.Debug|Any CPU.ActiveCfg = Debug|Any CPU
		{798665CA-C5A6-48DD-9A2D-6A28918993B6}.Debug|Any CPU.Build.0 = Debug|Any CPU
		{798665CA-C5A6-48DD-9A2D-6A28918993B6}.Release|Any CPU.ActiveCfg = Release|Any CPU
		{798665CA-C5A6-48DD-9A2D-6A28918993B6}.Release|Any CPU.Build.0 = Release|Any CPU
		{A8FAE3EB-41EB-4067-A64B-66F12AC0E311}.Debug|Any CPU.ActiveCfg = Debug|Any CPU
		{A8FAE3EB-41EB-4067-A64B-66F12AC0E311}.Debug|Any CPU.Build.0 = Debug|Any CPU
		{A8FAE3EB-41EB-4067-A64B-66F12AC0E311}.Release|Any CPU.ActiveCfg = Release|Any CPU
		{A8FAE3EB-41EB-4067-A64B-66F12AC0E311}.Release|Any CPU.Build.0 = Release|Any CPU
	EndGlobalSection
	GlobalSection(NestedProjects) = preSolution
		{F59872B5-4009-489C-AC5D-68CA5740851C} = {2EF13EA6-1CE3-43AA-A1D1-33BC3A4836B0}
		{1DA2DDCD-3239-4FCE-B590-89D2F068E3B4} = {43EBC69F-DAD1-455C-B636-CD7C837F5F66}
		{798665CA-C5A6-48DD-9A2D-6A28918993B6} = {2EF13EA6-1CE3-43AA-A1D1-33BC3A4836B0}
	EndGlobalSection
EndGlobal
